
Microsoft Visual Studio Solution File, Format Version 12.00
# Visual Studio Version 17
VisualStudioVersion = 17.6.33829.357
MinimumVisualStudioVersion = 10.0.40219.1
Project("{FAE04EC0-301F-11D3-BF4B-00C04F79EFBC}") = "parcial tm2", "parcial tm2\parcial tm2.csproj", "{269C3223-3EE3-4122-B9EE-C61BD1218C12}"
EndProject
Global
	GlobalSection(SolutionConfigurationPlatforms) = preSolution
		Debug|Any CPU = Debug|Any CPU
		Release|Any CPU = Release|Any CPU
	EndGlobalSection
	GlobalSection(ProjectConfigurationPlatforms) = postSolution
		{269C3223-3EE3-4122-B9EE-C61BD1218C12}.Debug|Any CPU.ActiveCfg = Debug|Any CPU
		{269C3223-3EE3-4122-B9EE-C61BD1218C12}.Debug|Any CPU.Build.0 = Debug|Any CPU
		{269C3223-3EE3-4122-B9EE-C61BD1218C12}.Release|Any CPU.ActiveCfg = Release|Any CPU
		{269C3223-3EE3-4122-B9EE-C61BD1218C12}.Release|Any CPU.Build.0 = Release|Any CPU
	EndGlobalSection
	GlobalSection(SolutionProperties) = preSolution
		HideSolutionNode = FALSE
	EndGlobalSection
	GlobalSection(ExtensibilityGlobals) = postSolution
		SolutionGuid = {8513E5A0-B431-4FBA-ABED-EB9EDD6C4609}
	EndGlobalSection
EndGlobal
